schema: '2.0'
stages:
  preprocess:
    cmd: uv run python scripts/run_preprocess.py --input 
      data/raw/interactions.csv --output data/processed/interactions_clean.csv 
      --metrics metrics/preprocess.json
    deps:
    - path: data/raw/interactions.csv
      hash: md5
      md5: 69dcfee3c5da237cafc0807cdf8c6d81
      size: 484240
    - path: scripts/run_preprocess.py
      hash: md5
      md5: 977b7cb4e8bc63bbb089d5896c674c62
      size: 1047
    - path: src/data/preprocess.py
      hash: md5
      md5: 0142a9135b5c861c44c5cffb9406b1b6
      size: 4180
    - path: src/schemas/interactions.py
      hash: md5
      md5: e1c9fe6ae4fa53556c2710714588ac87
      size: 1331
    outs:
    - path: data/processed/interactions_clean.csv
      hash: md5
      md5: 8243afc9b0768ba1a14394906446c293
      size: 518734
    - path: metrics/preprocess.json
      hash: md5
      md5: 8d8949167e4864b7ffae929fb7124d10
      size: 106
  feature_eng:
    cmd: uv run python scripts/run_feature_eng.py --input 
      data/processed/interactions_clean.csv --output-dir data/processed/features
      --params params.yaml --metrics metrics/feature_eng.json
    deps:
    - path: data/processed/interactions_clean.csv
      hash: md5
      md5: 8243afc9b0768ba1a14394906446c293
      size: 518734
    - path: params.yaml
      hash: md5
      md5: 35344034e8722a4cc7b9ee951348f0bc
      size: 327
    - path: scripts/run_feature_eng.py
      hash: md5
      md5: ec06916c9aa7100034605e8997bf2194
      size: 1168
    - path: src/features/engineering.py
      hash: md5
      md5: 1a6224ac774a5adae1f0b6f3cdf63310
      size: 4599
    outs:
    - path: data/processed/features
      hash: md5
      md5: 33c864008ff96c6e09c734b007ca14f5.dir
      size: 649505
      nfiles: 3
    - path: metrics/feature_eng.json
      hash: md5
      md5: 55f7d20c5ef69900d62384e3d928332e
      size: 131
  train:
    cmd: uv run python scripts/run_train.py --train 
      data/processed/features/train.csv --test data/processed/features/test.csv 
      --params params.yaml --model-out models/recommender.pt --metrics 
      metrics/train.json --no-mlflow
    deps:
    - path: data/processed/features/test.csv
      hash: md5
      md5: d8d87608758a514365418acbadc5e86e
      size: 122902
    - path: data/processed/features/train.csv
      hash: md5
      md5: c1d18e54d3c67cbd8a8444bdba26682b
      size: 490544
    - path: params.yaml
      hash: md5
      md5: 35344034e8722a4cc7b9ee951348f0bc
      size: 327
    - path: scripts/run_train.py
      hash: md5
      md5: 57b941c77ed6f628a4722acaff3808b6
      size: 1430
    - path: src/evaluation
      hash: md5
      md5: e4c9dadd0d7f85d1d4cf103bde864890.dir
      size: 11938
      nfiles: 4
    - path: src/models
      hash: md5
      md5: cac9950cb9e378b81a598c0ef84a0c0c.dir
      size: 35554
      nfiles: 10
    - path: src/training
      hash: md5
      md5: b38d932f8c0166798cc7ad82a331fb24.dir
      size: 47498
      nfiles: 11
    outs:
    - path: metrics/train.json
      hash: md5
      md5: 18b1d397dbf9a68152ccf18fbf5a07de
      size: 343
    - path: models/recommender.pt
      hash: md5
      md5: e2e186caefa2351cb04e24780a433b49
      size: 276165
  evaluate:
    cmd: uv run python scripts/run_evaluate.py --train 
      data/processed/features/train.csv --test data/processed/features/test.csv 
      --model models/recommender.pt --metrics metrics/evaluate.json --k 10
    deps:
    - path: data/processed/features/test.csv
      hash: md5
      md5: d8d87608758a514365418acbadc5e86e
      size: 122902
    - path: data/processed/features/train.csv
      hash: md5
      md5: c1d18e54d3c67cbd8a8444bdba26682b
      size: 490544
    - path: models/recommender.pt
      hash: md5
      md5: e2e186caefa2351cb04e24780a433b49
      size: 276165
    - path: scripts/run_evaluate.py
      hash: md5
      md5: 37cc546d28d42fb7d9355a8d4fe79790
      size: 2201
    - path: src/evaluation
      hash: md5
      md5: e4c9dadd0d7f85d1d4cf103bde864890.dir
      size: 11938
      nfiles: 4
    outs:
    - path: metrics/evaluate.json
      hash: md5
      md5: bc9e4173978928e06edc5dae2266aa6f
      size: 178
